
Microsoft Visual Studio Solution File, Format Version 12.00
# Visual Studio Version 16
VisualStudioVersion = 16.0.30611.23
MinimumVisualStudioVersion = 10.0.40219.1
Project("{FAE04EC0-301F-11D3-BF4B-00C04F79EFBC}") = "QuanLyThuoc", "QuanLyThuoc\QuanLyThuoc.csproj", "{0AB14FF8-93A7-4B38-AF8C-E9F20C2174BD}"
EndProject
Global
	GlobalSection(SolutionConfigurationPlatforms) = preSolution
		Debug|Any CPU = Debug|Any CPU
		Release|Any CPU = Release|Any CPU
	EndGlobalSection
	GlobalSection(ProjectConfigurationPlatforms) = postSolution
		{0AB14FF8-93A7-4B38-AF8C-E9F20C2174BD}.Debug|Any CPU.ActiveCfg = Debug|Any CPU
		{0AB14FF8-93A7-4B38-AF8C-E9F20C2174BD}.Debug|Any CPU.Build.0 = Debug|Any CPU
		{0AB14FF8-93A7-4B38-AF8C-E9F20C2174BD}.Release|Any CPU.ActiveCfg = Release|Any CPU
		{0AB14FF8-93A7-4B38-AF8C-E9F20C2174BD}.Release|Any CPU.Build.0 = Release|Any CPU
	EndGlobalSection
	GlobalSection(SolutionProperties) = preSolution
		HideSolutionNode = FALSE
	EndGlobalSection
	GlobalSection(ExtensibilityGlobals) = postSolution
		SolutionGuid = {CCB2860F-4BC0-4D64-99CA-291023B91D7B}
	EndGlobalSection
EndGlobal
